
Microsoft Visual Studio Solution File, Format Version 12.00
# Visual Studio Version 17
VisualStudioVersion = 17.3.32922.545
MinimumVisualStudioVersion = 10.0.40219.1
Project("{FAE04EC0-301F-11D3-BF4B-00C04F79EFBC}") = "WinForms-Calculator", "WinForms-Calculator.csproj", "{A7B5A016-85C2-4C7F-8C43-6DB8F01D60ED}"
EndProject
Global
	GlobalSection(SolutionConfigurationPlatforms) = preSolution
		Debug|Any CPU = Debug|Any CPU
		Release|Any CPU = Release|Any CPU
	EndGlobalSection
	GlobalSection(ProjectConfigurationPlatforms) = postSolution
		{A7B5A016-85C2-4C7F-8C43-6DB8F01D60ED}.Debug|Any CPU.ActiveCfg = Debug|Any CPU
		{A7B5A016-85C2-4C7F-8C43-6DB8F01D60ED}.Debug|Any CPU.Build.0 = Debug|Any CPU
		{A7B5A016-85C2-4C7F-8C43-6DB8F01D60ED}.Release|Any CPU.ActiveCfg = Release|Any CPU
		{A7B5A016-85C2-4C7F-8C43-6DB8F01D60ED}.Release|Any CPU.Build.0 = Release|Any CPU
	EndGlobalSection
	GlobalSection(SolutionProperties) = preSolution
		HideSolutionNode = FALSE
	EndGlobalSection
	GlobalSection(ExtensibilityGlobals) = postSolution
		SolutionGuid = {2E5F9FB0-3EA0-4854-8162-412FDF7C4183}
	EndGlobalSection
EndGlobal
